
Microsoft Visual Studio Solution File, Format Version 12.00
# Visual Studio 15
VisualStudioVersion = 15.0.28307.779
MinimumVisualStudioVersion = 10.0.40219.1
Project("{8BC9CEB8-8B4A-11D0-8D11-00A0C91BC942}") = "Regular Linked List", "Regular Linked List\Regular Linked List.vcxproj", "{A6F837A1-7550-472E-A072-34AA94C2C34E}"
EndProject
Global
	GlobalSection(SolutionConfigurationPlatforms) = preSolution
		Debug|x64 = Debug|x64
		Debug|x86 = Debug|x86
		Release|x64 = Release|x64
		Release|x86 = Release|x86
	EndGlobalSection
	GlobalSection(ProjectConfigurationPlatforms) = postSolution
		{A6F837A1-7550-472E-A072-34AA94C2C34E}.Debug|x64.ActiveCfg = Debug|x64
		{A6F837A1-7550-472E-A072-34AA94C2C34E}.Debug|x64.Build.0 = Debug|x64
		{A6F837A1-7550-472E-A072-34AA94C2C34E}.Debug|x86.ActiveCfg = Debug|Win32
		{A6F837A1-7550-472E-A072-34AA94C2C34E}.Debug|x86.Build.0 = Debug|Win32
		{A6F837A1-7550-472E-A072-34AA94C2C34E}.Release|x64.ActiveCfg = Release|x64
		{A6F837A1-7550-472E-A072-34AA94C2C34E}.Release|x64.Build.0 = Release|x64
		{A6F837A1-7550-472E-A072-34AA94C2C34E}.Release|x86.ActiveCfg = Release|Win32
		{A6F837A1-7550-472E-A072-34AA94C2C34E}.Release|x86.Build.0 = Release|Win32
	EndGlobalSection
	GlobalSection(SolutionProperties) = preSolution
		HideSolutionNode = FALSE
	EndGlobalSection
	GlobalSection(ExtensibilityGlobals) = postSolution
		SolutionGuid = {9FD2A7AD-FD91-47C6-BCC5-3984E7163607}
	EndGlobalSection
EndGlobal
